// !$*UTF8*$!
{
	archiveVersion = 1;
	classes = {
	};
	objectVersion = 50;
	objects = {

/* Begin PBXBuildFile section */
		9823342A215BCCE400250072 /* AppDelegate.swift in Sources */ = {isa = PBXBuildFile; fileRef = 98233429215BCCE400250072 /* AppDelegate.swift */; };
		9823342C215BCCE400250072 /* NewMatchViewController.swift in Sources */ = {isa = PBXBuildFile; fileRef = 9823342B215BCCE400250072 /* NewMatchViewController.swift */; };
		9823342F215BCCE400250072 /* Main.storyboard in Resources */ = {isa = PBXBuildFile; fileRef = 9823342D215BCCE400250072 /* Main.storyboard */; };
		98233431215BCCE600250072 /* Assets.xcassets in Resources */ = {isa = PBXBuildFile; fileRef = 98233430215BCCE600250072 /* Assets.xcassets */; };
		98233434215BCCE600250072 /* LaunchScreen.storyboard in Resources */ = {isa = PBXBuildFile; fileRef = 98233432215BCCE600250072 /* LaunchScreen.storyboard */; };
		9823343C215BCE8700250072 /* MatchResultViewController.swift in Sources */ = {isa = PBXBuildFile; fileRef = 9823343B215BCE8700250072 /* MatchResultViewController.swift */; };
		987826BF215D1616003F1391 /* Match.swift in Sources */ = {isa = PBXBuildFile; fileRef = 987826BE215D1616003F1391 /* Match.swift */; };
		987826C1215D18A3003F1391 /* Move.swift in Sources */ = {isa = PBXBuildFile; fileRef = 987826C0215D18A3003F1391 /* Move.swift */; };
/* End PBXBuildFile section */

/* Begin PBXFileReference section */
		98233426215BCCE400250072 /* Roshambo.app */ = {isa = PBXFileReference; explicitFileType = wrapper.application; includeInIndex = 0; path = Roshambo.app; sourceTree = BUILT_PRODUCTS_DIR; };
		98233429215BCCE400250072 /* AppDelegate.swift */ = {isa = PBXFileReference; lastKnownFileType = sourcecode.swift; path = AppDelegate.swift; sourceTree = "<group>"; };
		9823342B215BCCE400250072 /* NewMatchViewController.swift */ = {isa = PBXFileReference; lastKnownFileType = sourcecode.swift; path = NewMatchViewController.swift; sourceTree = "<group>"; };
		9823342E215BCCE400250072 /* Base */ = {isa = PBXFileReference; lastKnownFileType = file.storyboard; name = Base; path = Base.lproj/Main.storyboard; sourceTree = "<group>"; };
		98233430215BCCE600250072 /* Assets.xcassets */ = {isa = PBXFileReference; lastKnownFileType = folder.assetcatalog; path = Assets.xcassets; sourceTree = "<group>"; };
		98233433215BCCE600250072 /* Base */ = {isa = PBXFileReference; lastKnownFileType = file.storyboard; name = Base; path = Base.lproj/LaunchScreen.storyboard; sourceTree = "<group>"; };
		98233435215BCCE600250072 /* Info.plist */ = {isa = PBXFileReference; lastKnownFileType = text.plist.xml; path = Info.plist; sourceTree = "<group>"; };
		9823343B215BCE8700250072 /* MatchResultViewController.swift */ = {isa = PBXFileReference; lastKnownFileType = sourcecode.swift; path = MatchResultViewController.swift; sourceTree = "<group>"; };
		987826BE215D1616003F1391 /* Match.swift */ = {isa = PBXFileReference; lastKnownFileType = sourcecode.swift; path = Match.swift; sourceTree = "<group>"; };
		987826C0215D18A3003F1391 /* Move.swift */ = {isa = PBXFileReference; lastKnownFileType = sourcecode.swift; path = Move.swift; sourceTree = "<group>"; };
/* End PBXFileReference section */

/* Begin PBXFrameworksBuildPhase section */
		98233423215BCCE400250072 /* Frameworks */ = {
			isa = PBXFrameworksBuildPhase;
			buildActionMask = 2147483647;
			files = (
			);
			runOnlyForDeploymentPostprocessing = 0;
		};
/* End PBXFrameworksBuildPhase section */

/* Begin PBXGroup section */
		9823341D215BCCE400250072 = {
			isa = PBXGroup;
			children = (
				98233428215BCCE400250072 /* Roshambo */,
				98233427215BCCE400250072 /* Products */,
			);
			sourceTree = "<group>";
		};
		98233427215BCCE400250072 /* Products */ = {
			isa = PBXGroup;
			children = (
				98233426215BCCE400250072 /* Roshambo.app */,
			);
			name = Products;
			sourceTree = "<group>";
		};
		98233428215BCCE400250072 /* Roshambo */ = {
			isa = PBXGroup;
			children = (
				989A55BE218354AB00104DAF /* Models */,
				98233429215BCCE400250072 /* AppDelegate.swift */,
				9823342B215BCCE400250072 /* NewMatchViewController.swift */,
				9823343B215BCE8700250072 /* MatchResultViewController.swift */,
				9823342D215BCCE400250072 /* Main.storyboard */,
				98233430215BCCE600250072 /* Assets.xcassets */,
				98233432215BCCE600250072 /* LaunchScreen.storyboard */,
				98233435215BCCE600250072 /* Info.plist */,
			);
			path = Roshambo;
			sourceTree = "<group>";
		};
		989A55BE218354AB00104DAF /* Models */ = {
			isa = PBXGroup;
			children = (
				987826BE215D1616003F1391 /* Match.swift */,
				987826C0215D18A3003F1391 /* Move.swift */,
			);
			name = Models;
			sourceTree = "<group>";
		};
/* End PBXGroup section */

/* Begin PBXNativeTarget section */
		98233425215BCCE400250072 /* Roshambo */ = {
			isa = PBXNativeTarget;
			buildConfigurationList = 98233438215BCCE600250072 /* Build configuration list for PBXNativeTarget "Roshambo" */;
			buildPhases = (
				98233422215BCCE400250072 /* Sources */,
				98233423215BCCE400250072 /* Frameworks */,
				98233424215BCCE400250072 /* Resources */,
			);
			buildRules = (
			);
			dependencies = (
			);
			name = Roshambo;
			productName = Roshambo;
			productReference = 98233426215BCCE400250072 /* Roshambo.app */;
			productType = "com.apple.product-type.application";
		};
/* End PBXNativeTarget section */

/* Begin PBXProject section */
		9823341E215BCCE400250072 /* Project object */ = {
			isa = PBXProject;
			attributes = {
				LastSwiftUpdateCheck = 0940;
				LastUpgradeCheck = 0940;
				ORGANIZATIONNAME = "Felipe Ribeiro";
				TargetAttributes = {
					98233425215BCCE400250072 = {
						CreatedOnToolsVersion = 9.4.1;
						LastSwiftMigration = 1000;
					};
				};
			};
			buildConfigurationList = 98233421215BCCE400250072 /* Build configuration list for PBXProject "Roshambo" */;
			compatibilityVersion = "Xcode 9.3";
			developmentRegion = en;
			hasScannedForEncodings = 0;
			knownRegions = (
				en,
				Base,
			);
			mainGroup = 9823341D215BCCE400250072;
			productRefGroup = 98233427215BCCE400250072 /* Products */;
			projectDirPath = "";
			projectRoot = "";
			targets = (
				98233425215BCCE400250072 /* Roshambo */,
			);
		};
/* End PBXProject section */

/* Begin PBXResourcesBuildPhase section */
		98233424215BCCE400250072 /* Resources */ = {
			isa = PBXResourcesBuildPhase;
			buildActionMask = 2147483647;
			files = (
				98233434215BCCE600250072 /* LaunchScreen.storyboard in Resources */,
				98233431215BCCE600250072 /* Assets.xcassets in Resources */,
				9823342F215BCCE400250072 /* Main.storyboard in Resources */,
			);
			runOnlyForDeploymentPostprocessing = 0;
		};
/* End PBXResourcesBuildPhase section */

/* Begin PBXSourcesBuildPhase section */
		98233422215BCCE400250072 /* Sources */ = {
			isa = PBXSourcesBuildPhase;
			buildActionMask = 2147483647;
			files = (
				987826C1215D18A3003F1391 /* Move.swift in Sources */,
				987826BF215D1616003F1391 /* Match.swift in Sources */,
				9823342C215BCCE400250072 /* NewMatchViewController.swift in Sources */,
				9823342A215BCCE400250072 /* AppDelegate.swift in Sources */,
				9823343C215BCE8700250072 /* MatchResultViewController.swift in Sources */,
			);
			runOnlyForDeploymentPostprocessing = 0;
		};
/* End PBXSourcesBuildPhase section */

/* Begin PBXVariantGroup section */
		9823342D215BCCE400250072 /* Main.storyboard */ = {
			isa = PBXVariantGroup;
			children = (
				9823342E215BCCE400250072 /* Base */,
			);
			name = Main.storyboard;
			sourceTree = "<group>";
		};
		98233432215BCCE600250072 /* LaunchScreen.storyboard */ = {
			isa = PBXVariantGroup;
			children = (
				98233433215BCCE600250072 /* Base */,
			);
			name = LaunchScreen.storyboard;
			sourceTree = "<group>";
		};
/* End PBXVariantGroup section */

/* Begin XCBuildConfiguration section */
		98233436215BCCE600250072 /* Debug */ = {
			isa = XCBuildConfiguration;
			buildSettings = {
				ALWAYS_SEARCH_USER_PATHS = NO;
				CLANG_ANALYZER_NONNULL = YES;
				CLANG_ANALYZER_NUMBER_OBJECT_CONVERSION = YES_AGGRESSIVE;
				CLANG_CXX_LANGUAGE_STANDARD = "gnu++14";
				CLANG_CXX_LIBRARY = "libc++";
				CLANG_ENABLE_MODULES = YES;
				CLANG_ENABLE_OBJC_ARC = YES;
				CLANG_ENABLE_OBJC_WEAK = YES;
				CLANG_WARN_BLOCK_CAPTURE_AUTORELEASING = YES;
				CLANG_WARN_BOOL_CONVERSION = YES;
				CLANG_WARN_COMMA = YES;
				CLANG_WARN_CONSTANT_CONVERSION = YES;
				CLANG_WARN_DEPRECATED_OBJC_IMPLEMENTATIONS = YES;
				CLANG_WARN_DIRECT_OBJC_ISA_USAGE = YES_ERROR;
				CLANG_WARN_DOCUMENTATION_COMMENTS = YES;
				CLANG_WARN_EMPTY_BODY = YES;
				CLANG_WARN_ENUM_CONVERSION = YES;
				CLANG_WARN_INFINITE_RECURSION = YES;
				CLANG_WARN_INT_CONVERSION = YES;
				CLANG_WARN_NON_LITERAL_NULL_CONVERSION = YES;
				CLANG_WARN_OBJC_IMPLICIT_RETAIN_SELF = YES;
				CLANG_WARN_OBJC_LITERAL_CONVERSION = YES;
				CLANG_WARN_OBJC_ROOT_CLASS = YES_ERROR;
				CLANG_WARN_RANGE_LOOP_ANALYSIS = YES;
				CLANG_WARN_STRICT_PROTOTYPES = YES;
				CLANG_WARN_SUSPICIOUS_MOVE = YES;
				CLANG_WARN_UNGUARDED_AVAILABILITY = YES_AGGRESSIVE;
				CLANG_WARN_UNREACHABLE_CODE = YES;
				CLANG_WARN__DUPLICATE_METHOD_MATCH = YES;
				CODE_SIGN_IDENTITY = "iPhone Developer";
				COPY_PHASE_STRIP = NO;
				DEBUG_INFORMATION_FORMAT = dwarf;
				ENABLE_STRICT_OBJC_MSGSEND = YES;
				ENABLE_TESTABILITY = YES;
				GCC_C_LANGUAGE_STANDARD = gnu11;
				GCC_DYNAMIC_NO_PIC = NO;
				GCC_NO_COMMON_BLOCKS = YES;
				GCC_OPTIMIZATION_LEVEL = 0;
				GCC_PREPROCESSOR_DEFINITIONS = (
					"DEBUG=1",
					"$(inherited)",
				);
				GCC_WARN_64_TO_32_BIT_CONVERSION = YES;
				GCC_WARN_ABOUT_RETURN_TYPE = YES_ERROR;
				GCC_WARN_UNDECLARED_SELECTOR = YES;
				GCC_WARN_UNINITIALIZED_AUTOS = YES_AGGRESSIVE;
				GCC_WARN_UNUSED_FUNCTION = YES;
				GCC_WARN_UNUSED_VARIABLE = YES;
				IPHONEOS_DEPLOYMENT_TARGET = 11.4;
				MTL_ENABLE_DEBUG_INFO = YES;
				ONLY_ACTIVE_ARCH = YES;
				SDKROOT = iphoneos;
				SWIFT_ACTIVE_COMPILATION_CONDITIONS = DEBUG;
				SWIFT_OPTIMIZATION_LEVEL = "-Onone";
			};
			name = Debug;
		};
		98233437215BCCE600250072 /* Release */ = {
			isa = XCBuildConfiguration;
			buildSettings = {
				ALWAYS_SEARCH_USER_PATHS = NO;
				CLANG_ANALYZER_NONNULL = YES;
				CLANG_ANALYZER_NUMBER_OBJECT_CONVERSION = YES_AGGRESSIVE;
				CLANG_CXX_LANGUAGE_STANDARD = "gnu++14";
				CLANG_CXX_LIBRARY = "libc++";
				CLANG_ENABLE_MODULES = YES;
				CLANG_ENABLE_OBJC_ARC = YES;
				CLANG_ENABLE_OBJC_WEAK = YES;
				CLANG_WARN_BLOCK_CAPTURE_AUTORELEASING = YES;
				CLANG_WARN_BOOL_CONVERSION = YES;
				CLANG_WARN_COMMA = YES;
				CLANG_WARN_CONSTANT_CONVERSION = YES;
				CLANG_WARN_DEPRECATED_OBJC_IMPLEMENTATIONS = YES;
				CLANG_WARN_DIRECT_OBJC_ISA_USAGE = YES_ERROR;
				CLANG_WARN_DOCUMENTATION_COMMENTS = YES;
				CLANG_WARN_EMPTY_BODY = YES;
				CLANG_WARN_ENUM_CONVERSION = YES;
				CLANG_WARN_INFINITE_RECURSION = YES;
				CLANG_WARN_INT_CONVERSION = YES;
				CLANG_WARN_NON_LITERAL_NULL_CONVERSION = YES;
				CLANG_WARN_OBJC_IMPLICIT_RETAIN_SELF = YES;
				CLANG_WARN_OBJC_LITERAL_CONVERSION = YES;
				CLANG_WARN_OBJC_ROOT_CLASS = YES_ERROR;
				CLANG_WARN_RANGE_LOOP_ANALYSIS = YES;
				CLANG_WARN_STRICT_PROTOTYPES = YES;
				CLANG_WARN_SUSPICIOUS_MOVE = YES;
				CLANG_WARN_UNGUARDED_AVAILABILITY = YES_AGGRESSIVE;
				CLANG_WARN_UNREACHABLE_CODE = YES;
				CLANG_WARN__DUPLICATE_METHOD_MATCH = YES;
				CODE_SIGN_IDENTITY = "iPhone Developer";
				COPY_PHASE_STRIP = NO;
				DEBUG_INFORMATION_FORMAT = "dwarf-with-dsym";
				ENABLE_NS_ASSERTIONS = NO;
				ENABLE_STRICT_OBJC_MSGSEND = YES;
				GCC_C_LANGUAGE_STANDARD = gnu11;
				GCC_NO_COMMON_BLOCKS = YES;
				GCC_WARN_64_TO_32_BIT_CONVERSION = YES;
				GCC_WARN_ABOUT_RETURN_TYPE = YES_ERROR;
				GCC_WARN_UNDECLARED_SELECTOR = YES;
				GCC_WARN_UNINITIALIZED_AUTOS = YES_AGGRESSIVE;
				GCC_WARN_UNUSED_FUNCTION = YES;
				GCC_WARN_UNUSED_VARIABLE = YES;
				IPHONEOS_DEPLOYMENT_TARGET = 11.4;
				MTL_ENABLE_DEBUG_INFO = NO;
				SDKROOT = iphoneos;
				SWIFT_COMPILATION_MODE = wholemodule;
				SWIFT_OPTIMIZATION_LEVEL = "-O";
				VALIDATE_PRODUCT = YES;
			};
			name = Release;
		};
		98233439215BCCE600250072 /* Debug */ = {
			isa = XCBuildConfiguration;
			buildSettings = {
				ASSETCATALOG_COMPILER_APPICON_NAME = AppIcon;
				CODE_SIGN_STYLE = Automatic;
				INFOPLIST_FILE = Roshambo/Info.plist;
				LD_RUNPATH_SEARCH_PATHS = (
					"$(inherited)",
					"@executable_path/Frameworks",
				);
				PRODUCT_BUNDLE_IDENTIFIER = feliperibeiro.Roshambo;
				PRODUCT_NAME = "$(TARGET_NAME)";
				SWIFT_VERSION = 4.2;
				TARGETED_DEVICE_FAMILY = "1,2";
			};
			name = Debug;
		};
		9823343A215BCCE600250072 /* Release */ = {
			isa = XCBuildConfiguration;
			buildSettings = {
				ASSETCATALOG_COMPILER_APPICON_NAME = AppIcon;
				CODE_SIGN_STYLE = Automatic;
				INFOPLIST_FILE = Roshambo/Info.plist;
				LD_RUNPATH_SEARCH_PATHS = (
					"$(inherited)",
					"@executable_path/Frameworks",
				);
				PRODUCT_BUNDLE_IDENTIFIER = feliperibeiro.Roshambo;
				PRODUCT_NAME = "$(TARGET_NAME)";
				SWIFT_VERSION = 4.2;
				TARGETED_DEVICE_FAMILY = "1,2";
			};
			name = Release;
		};
/* End XCBuildConfiguration section */

/* Begin XCConfigurationList section */
		98233421215BCCE400250072 /* Build configuration list for PBXProject "Roshambo" */ = {
			isa = XCConfigurationList;
			buildConfigurations = (
				98233436215BCCE600250072 /* Debug */,
				98233437215BCCE600250072 /* Release */,
			);
			defaultConfigurationIsVisible = 0;
			defaultConfigurationName = Release;
		};
		98233438215BCCE600250072 /* Build configuration list for PBXNativeTarget "Roshambo" */ = {
			isa = XCConfigurationList;
			buildConfigurations = (
				98233439215BCCE600250072 /* Debug */,
				9823343A215BCCE600250072 /* Release */,
			);
			defaultConfigurationIsVisible = 0;
			defaultConfigurationName = Release;
		};
/* End XCConfigurationList section */
	};
	rootObject = 9823341E215BCCE400250072 /* Project object */;
}
